
Microsoft Visual Studio Solution File, Format Version 12.00
# Visual Studio Version 17
VisualStudioVersion = 17.10.35122.118
MinimumVisualStudioVersion = 10.0.40219.1
Project("{FAE04EC0-301F-11D3-BF4B-00C04F79EFBC}") = "SystemResourceMonitorService", "SystemResourceMonitorService.csproj", "{4E886B2A-7065-44C8-A727-373A7CD55498}"
EndProject
Global
	GlobalSection(SolutionConfigurationPlatforms) = preSolution
		Debug|Any CPU = Debug|Any CPU
		Release|Any CPU = Release|Any CPU
	EndGlobalSection
	GlobalSection(ProjectConfigurationPlatforms) = postSolution
		{4E886B2A-7065-44C8-A727-373A7CD55498}.Debug|Any CPU.ActiveCfg = Debug|Any CPU
		{4E886B2A-7065-44C8-A727-373A7CD55498}.Debug|Any CPU.Build.0 = Debug|Any CPU
		{4E886B2A-7065-44C8-A727-373A7CD55498}.Release|Any CPU.ActiveCfg = Release|Any CPU
		{4E886B2A-7065-44C8-A727-373A7CD55498}.Release|Any CPU.Build.0 = Release|Any CPU
	EndGlobalSection
	GlobalSection(SolutionProperties) = preSolution
		HideSolutionNode = FALSE
	EndGlobalSection
	GlobalSection(ExtensibilityGlobals) = postSolution
		SolutionGuid = {10FCE1EF-29E6-45D4-8788-735D42211B06}
	EndGlobalSection
EndGlobal
